<?xml version="1.0" encoding="utf-8"?>
<Project ToolsVersion="4.0" xmlns="http://schemas.microsoft.com/developer/msbuild/2003">
  <ItemGroup>
    <Filter Include="Source Files">
      <UniqueIdentifier>{4FC737F1-C7A5-4376-A066-2A32D752A2FF}</UniqueIdentifier>
      <Extensions>cpp;c;cc;cxx;def;odl;idl;hpj;bat;asm;asmx</Extensions>
    </Filter>
    <Filter Include="Header Files">
      <UniqueIdentifier>{93995380-89BD-4b04-88EB-625FBE52EBFB}</UniqueIdentifier>
      <Extensions>h;hh;hpp;hxx;hm;inl;inc;xsd</Extensions>
    </Filter>
    <Filter Include="Resource Files">
      <UniqueIdentifier>{67DA6AB6-F800-4c08-8B7A-83BB121AAD01}</UniqueIdentifier>
      <Extensions>rc;ico;cur;bmp;dlg;rc2;rct;bin;rgs;gif;jpg;jpeg;jpe;resx;tiff;tif;png;wav</Extensions>
    </Filter>
    <Filter Include="External Sources">
      <UniqueIdentifier>{e827c0be-5c48-4182-99b8-defcc908cdba}</UniqueIdentifier>
    </Filter>
    <Filter Include="Source Files\base">
      <UniqueIdentifier>{b12572ff-8c83-4cb1-bf9b-80b3904cf46a}</UniqueIdentifier>
    </Filter>
    <Filter Include="Source Files\modules">
      <UniqueIdentifier>{e51bffcc-a3e2-446a-8960-1e037673a318}</UniqueIdentifier>
    </Filter>
    <Filter Include="Source Files\mesh">
      <UniqueIdentifier>{4fcc6778-4b7f-4cf4-8478-4e1b1e43206e}</UniqueIdentifier>
    </Filter>
    <Filter Include="Source Files\util">
      <UniqueIdentifier>{8615ba55-c635-4e95-93e1-17f0ac9443bc}</UniqueIdentifier>
    </Filter>
    <Filter Include="Source Files\config">
      <UniqueIdentifier>{bbd7ca0d-024a-4781-a241-2771c4ec97e2}</UniqueIdentifier>
    </Filter>
    <Filter Include="Source Files\c">
      <UniqueIdentifier>{3eee32b3-086f-4310-a120-793707c83eef}</UniqueIdentifier>
    </Filter>
    <Filter Include="Source Files\test">
      <UniqueIdentifier>{cb604a11-fbcf-45d0-b78b-634eb7799dc6}</UniqueIdentifier>
    </Filter>
    <Filter Include="Source Files\cherrysim">
      <UniqueIdentifier>{1fc3bf1c-9ec3-4e80-a885-75f45efc8420}</UniqueIdentifier>
    </Filter>
  </ItemGroup>
  <ItemGroup>
    <ClCompile Include="src\Main.cpp">
      <Filter>Source Files</Filter>
    </ClCompile>
    <ClCompile Include="src\base\AdvertisingController.cpp">
      <Filter>Source Files\base</Filter>
    </ClCompile>
    <ClCompile Include="src\base\GAPController.cpp">
      <Filter>Source Files\base</Filter>
    </ClCompile>
    <ClCompile Include="src\base\GATTController.cpp">
      <Filter>Source Files\base</Filter>
    </ClCompile>
    <ClCompile Include="src\modules\AdvertisingModule.cpp">
      <Filter>Source Files\modules</Filter>
    </ClCompile>
    <ClCompile Include="src\modules\EnrollmentModule.cpp">
      <Filter>Source Files\modules</Filter>
    </ClCompile>
    <ClCompile Include="src\modules\ScanningModule.cpp">
      <Filter>Source Files\modules</Filter>
    </ClCompile>
    <ClCompile Include="src\modules\StatusReporterModule.cpp">
      <Filter>Source Files\modules</Filter>
    </ClCompile>
    <ClCompile Include="src\modules\DebugModule.cpp">
      <Filter>Source Files\modules</Filter>
    </ClCompile>
    <ClCompile Include="src_mway\DFUModule.cpp">
      <Filter>Source Files\modules</Filter>
    </ClCompile>
    <ClCompile Include="src\mesh\Node.cpp">
      <Filter>Source Files\mesh</Filter>
    </ClCompile>
    <ClCompile Include="src\mesh\ConnectionManager.cpp">
      <Filter>Source Files\mesh</Filter>
    </ClCompile>
    <ClCompile Include="src\utility\ButtonListener.cpp">
      <Filter>Source Files\util</Filter>
    </ClCompile>
    <ClCompile Include="src\utility\Logger.cpp">
      <Filter>Source Files\util</Filter>
    </ClCompile>
    <ClCompile Include="src\utility\LedWrapper.cpp">
      <Filter>Source Files\util</Filter>
    </ClCompile>
    <ClCompile Include="src\utility\NewStorage.cpp">
      <Filter>Source Files\util</Filter>
    </ClCompile>
    <ClCompile Include="src\utility\SimpleBuffer.cpp">
      <Filter>Source Files\util</Filter>
    </ClCompile>
    <ClCompile Include="src\utility\SimplePushStack.cpp">
      <Filter>Source Files\util</Filter>
    </ClCompile>
    <ClCompile Include="src\utility\Terminal.cpp">
      <Filter>Source Files\util</Filter>
    </ClCompile>
    <ClCompile Include="src\utility\Utility.cpp">
      <Filter>Source Files\util</Filter>
    </ClCompile>
    <ClCompile Include="src\Config.cpp">
      <Filter>Source Files\config</Filter>
    </ClCompile>
    <ClCompile Include="src\GlobalState.cpp">
      <Filter>Source Files\config</Filter>
    </ClCompile>
    <ClCompile Include="src\modules\IoModule.cpp">
      <Filter>Source Files\modules</Filter>
    </ClCompile>
    <ClCompile Include="src\modules\Module.cpp">
      <Filter>Source Files\modules</Filter>
    </ClCompile>
    <ClCompile Include="src\utility\PacketQueue.cpp">
      <Filter>Source Files\util</Filter>
    </ClCompile>
    <ClCompile Include="src\segger_rtt\RTT_Syscalls_GCC.c">
      <Filter>Source Files\c</Filter>
    </ClCompile>
    <ClCompile Include="src\segger_rtt\SEGGER_RTT.c">
      <Filter>Source Files\c</Filter>
    </ClCompile>
    <ClCompile Include="src\test\TestBattery.cpp">
      <Filter>Source Files\test</Filter>
    </ClCompile>
    <ClCompile Include="src\test\Testing.cpp">
      <Filter>Source Files\test</Filter>
    </ClCompile>
    <ClCompile Include="src\base\ScanController.cpp">
      <Filter>Source Files\base</Filter>
    </ClCompile>
    <ClCompile Include="cherrysim\stdafx.cpp">
      <Filter>Source Files\cherrysim</Filter>
    </ClCompile>
    <ClCompile Include="src\test\SystemTest.cpp">
      <Filter>Source Files\cherrysim</Filter>
    </ClCompile>
    <ClCompile Include="cherrysim\FruitySimPipe.cpp">
      <Filter>Source Files\cherrysim</Filter>
    </ClCompile>
    <ClCompile Include="cherrysim\CherrySim.cpp">
      <Filter>Source Files\cherrysim</Filter>
    </ClCompile>
    <ClCompile Include="src_mway\ClcComm.cpp">
      <Filter>Source Files\modules</Filter>
    </ClCompile>
    <ClCompile Include="src_mway\ClcModule.cpp">
      <Filter>Source Files\modules</Filter>
    </ClCompile>
    <ClCompile Include="src\Boardconfig.cpp">
      <Filter>Source Files\config</Filter>
    </ClCompile>
    <ClCompile Include="src\mesh\AppConnection.cpp">
      <Filter>Source Files\mesh</Filter>
    </ClCompile>
    <ClCompile Include="src\mesh\BaseConnection.cpp">
      <Filter>Source Files\mesh</Filter>
    </ClCompile>
    <ClCompile Include="src\mesh\MeshConnection.cpp">
      <Filter>Source Files\mesh</Filter>
    </ClCompile>
    <ClCompile Include="src_mway\ClcAppConnection.cpp">
      <Filter>Source Files\mesh</Filter>
    </ClCompile>
    <ClCompile Include="cherrysim\aes.c">
      <Filter>Source Files\c</Filter>
    </ClCompile>
    <ClCompile Include="src\base\FruityHal.cpp">
      <Filter>Source Files\base</Filter>
    </ClCompile>
    <ClCompile Include="src\mesh\ResolverConnection.cpp">
      <Filter>Source Files\mesh</Filter>
    </ClCompile>
    <ClCompile Include="src\utility\RecordStorage.cpp">
      <Filter>Source Files\util</Filter>
    </ClCompile>
    <ClCompile Include="src\test\TestRecordStorage.cpp">
      <Filter>Source Files\test</Filter>
    </ClCompile>
    <ClCompile Include="src\test\TestPacketQueue.cpp">
      <Filter>Source Files\test</Filter>
    </ClCompile>
  </ItemGroup>
  <ItemGroup>
    <ClInclude Include="cherrysim\targetver.h">
      <Filter>Header Files</Filter>
    </ClInclude>
    <ClInclude Include="config\adv_packets.h">
      <Filter>Header Files</Filter>
    </ClInclude>
    <ClInclude Include="config\board_ars100748.h">
      <Filter>Header Files</Filter>
    </ClInclude>
    <ClInclude Include="config\board_ars100748_adapter.h">
      <Filter>Header Files</Filter>
    </ClInclude>
    <ClInclude Include="config\board_ars100748_cable.h">
      <Filter>Header Files</Filter>
    </ClInclude>
    <ClInclude Include="config\board_ars101693.h">
      <Filter>Header Files</Filter>
    </ClInclude>
    <ClInclude Include="config\board_ars101694.h">
      <Filter>Header Files</Filter>
    </ClInclude>
    <ClInclude Include="config\board_pca10031.h">
      <Filter>Header Files</Filter>
    </ClInclude>
    <ClInclude Include="config\board_pca10036.h">
      <Filter>Header Files</Filter>
    </ClInclude>
    <ClInclude Include="config\board_pca10040.h">
      <Filter>Header Files</Filter>
    </ClInclude>
    <ClInclude Include="config\Config.h">
      <Filter>Header Files</Filter>
    </ClInclude>
    <ClInclude Include="config\conn_packets.h">
      <Filter>Header Files</Filter>
    </ClInclude>
    <ClInclude Include="config\nrf_drv_config.h">
      <Filter>Header Files</Filter>
    </ClInclude>
    <ClInclude Include="config\nrf_drv_config_validation.h">
      <Filter>Header Files</Filter>
    </ClInclude>
    <ClInclude Include="config\SEGGER_RTT_Conf.h">
      <Filter>Header Files</Filter>
    </ClInclude>
    <ClInclude Include="config\types.h">
      <Filter>Header Files</Filter>
    </ClInclude>
    <ClInclude Include="inc\AdvertisingController.h">
      <Filter>Header Files</Filter>
    </ClInclude>
    <ClInclude Include="inc\AdvertisingModule.h">
      <Filter>Header Files</Filter>
    </ClInclude>
    <ClInclude Include="inc\ButtonListener.h">
      <Filter>Header Files</Filter>
    </ClInclude>
    <ClInclude Include="inc\CherrySim.h">
      <Filter>Header Files</Filter>
    </ClInclude>
    <ClInclude Include="inc\ConnectionManager.h">
      <Filter>Header Files</Filter>
    </ClInclude>
    <ClInclude Include="inc\DebugModule.h">
      <Filter>Header Files</Filter>
    </ClInclude>
    <ClInclude Include="inc\EnrollmentModule.h">
      <Filter>Header Files</Filter>
    </ClInclude>
    <ClInclude Include="inc\GAPController.h">
      <Filter>Header Files</Filter>
    </ClInclude>
    <ClInclude Include="inc\GATTController.h">
      <Filter>Header Files</Filter>
    </ClInclude>
    <ClInclude Include="inc\GlobalState.h">
      <Filter>Header Files</Filter>
    </ClInclude>
    <ClInclude Include="inc\IoModule.h">
      <Filter>Header Files</Filter>
    </ClInclude>
    <ClInclude Include="inc\LedWrapper.h">
      <Filter>Header Files</Filter>
    </ClInclude>
    <ClInclude Include="inc\Logger.h">
      <Filter>Header Files</Filter>
    </ClInclude>
    <ClInclude Include="inc\Main.h">
      <Filter>Header Files</Filter>
    </ClInclude>
    <ClInclude Include="inc\Module.h">
      <Filter>Header Files</Filter>
    </ClInclude>
    <ClInclude Include="inc\NewStorage.h">
      <Filter>Header Files</Filter>
    </ClInclude>
    <ClInclude Include="inc\Node.h">
      <Filter>Header Files</Filter>
    </ClInclude>
    <ClInclude Include="inc\PacketQueue.h">
      <Filter>Header Files</Filter>
    </ClInclude>
    <ClInclude Include="inc\ScanController.h">
      <Filter>Header Files</Filter>
    </ClInclude>
    <ClInclude Include="inc\ScanningModule.h">
      <Filter>Header Files</Filter>
    </ClInclude>
    <ClInclude Include="inc\SimpleBuffer.h">
      <Filter>Header Files</Filter>
    </ClInclude>
    <ClInclude Include="inc\SimplePushStack.h">
      <Filter>Header Files</Filter>
    </ClInclude>
    <ClInclude Include="inc\StatusReporterModule.h">
      <Filter>Header Files</Filter>
    </ClInclude>
    <ClInclude Include="inc\SystemTest.h">
      <Filter>Header Files</Filter>
    </ClInclude>
    <ClInclude Include="inc\Terminal.h">
      <Filter>Header Files</Filter>
    </ClInclude>
    <ClInclude Include="inc\TestBattery.h">
      <Filter>Header Files</Filter>
    </ClInclude>
    <ClInclude Include="inc\Testing.h">
      <Filter>Header Files</Filter>
    </ClInclude>
    <ClInclude Include="inc\Utility.h">
      <Filter>Header Files</Filter>
    </ClInclude>
    <ClInclude Include="inc_c\SEGGER_RTT.h">
      <Filter>Header Files</Filter>
    </ClInclude>
    <ClInclude Include="src_examples\TemplateModule.h">
      <Filter>Header Files</Filter>
    </ClInclude>
    <ClInclude Include="src_mway\DFUModule.h">
      <Filter>Header Files</Filter>
    </ClInclude>
    <ClInclude Include="stdafx.h">
      <Filter>Header Files</Filter>
    </ClInclude>
    <ClInclude Include="inc\FruitySimPipe.h">
      <Filter>Header Files</Filter>
    </ClInclude>
    <ClInclude Include="src_mway\ClcModule.h">
      <Filter>Header Files</Filter>
    </ClInclude>
    <ClInclude Include="src_mway\ClcComm.h">
      <Filter>Header Files</Filter>
    </ClInclude>
    <ClInclude Include="config\Boardconfig.h">
      <Filter>Header Files</Filter>
    </ClInclude>
    <ClInclude Include="inc\AppConnection.h">
      <Filter>Header Files</Filter>
    </ClInclude>
    <ClInclude Include="inc\BaseConnection.h">
      <Filter>Header Files</Filter>
    </ClInclude>
    <ClInclude Include="inc\MeshConnection.h">
      <Filter>Header Files</Filter>
    </ClInclude>
    <ClInclude Include="src_mway\ClcAppConnection.h">
      <Filter>Header Files</Filter>
    </ClInclude>
    <ClInclude Include="config\featureset.h">
      <Filter>Header Files</Filter>
    </ClInclude>
    <ClInclude Include="inc_c\aes.h">
      <Filter>Header Files</Filter>
    </ClInclude>
    <ClInclude Include="inc\FruityHal.h">
      <Filter>Header Files</Filter>
    </ClInclude>
    <ClInclude Include="inc\ResolverConnection.h">
      <Filter>Header Files</Filter>
    </ClInclude>
    <ClInclude Include="inc\RecordStorage.h">
      <Filter>Header Files</Filter>
    </ClInclude>
    <ClInclude Include="inc\TestRecordStorage.h">
      <Filter>Header Files</Filter>
    </ClInclude>
    <ClInclude Include="inc\TestPacketQueue.h">
      <Filter>Header Files</Filter>
    </ClInclude>
  </ItemGroup>
</Project>